
Microsoft Visual Studio Solution File, Format Version 12.00
# Visual Studio Version 17
VisualStudioVersion = 17.5.002.0
MinimumVisualStudioVersion = 10.0.40219.1
Project("{9A19103F-16F7-4668-BE54-9A1E7A4F7556}") = "practica02", "practica02.csproj", "{440E0B34-6009-42FD-A2FD-D1C694E37220}"
EndProject
Global
	GlobalSection(SolutionConfigurationPlatforms) = preSolution
		Debug|Any CPU = Debug|Any CPU
		Release|Any CPU = Release|Any CPU
	EndGlobalSection
	GlobalSection(ProjectConfigurationPlatforms) = postSolution
		{440E0B34-6009-42FD-A2FD-D1C694E37220}.Debug|Any CPU.ActiveCfg = Debug|Any CPU
		{440E0B34-6009-42FD-A2FD-D1C694E37220}.Debug|Any CPU.Build.0 = Debug|Any CPU
		{440E0B34-6009-42FD-A2FD-D1C694E37220}.Release|Any CPU.ActiveCfg = Release|Any CPU
		{440E0B34-6009-42FD-A2FD-D1C694E37220}.Release|Any CPU.Build.0 = Release|Any CPU
	EndGlobalSection
	GlobalSection(SolutionProperties) = preSolution
		HideSolutionNode = FALSE
	EndGlobalSection
	GlobalSection(ExtensibilityGlobals) = postSolution
		SolutionGuid = {A3AFAF66-E856-468B-B885-E434B5F4A290}
	EndGlobalSection
EndGlobal
